// !$*UTF8*$!
{
	archiveVersion = 1;
	classes = {
	};
	objectVersion = 50;
	objects = {

/* Begin PBXBuildFile section */
		3A1DF7B4221CE0AA008176EE /* AppDelegate.swift in Sources */ = {isa = PBXBuildFile; fileRef = 3A1DF7B3221CE0AA008176EE /* AppDelegate.swift */; };
		3A1DF7B6221CE0AA008176EE /* MoviesViewController.swift in Sources */ = {isa = PBXBuildFile; fileRef = 3A1DF7B5221CE0AA008176EE /* MoviesViewController.swift */; };
		3A1DF7B9221CE0AA008176EE /* Main.storyboard in Resources */ = {isa = PBXBuildFile; fileRef = 3A1DF7B7221CE0AA008176EE /* Main.storyboard */; };
		3A1DF7BB221CE0AB008176EE /* Assets.xcassets in Resources */ = {isa = PBXBuildFile; fileRef = 3A1DF7BA221CE0AB008176EE /* Assets.xcassets */; };
		3A1DF7BE221CE0AB008176EE /* LaunchScreen.storyboard in Resources */ = {isa = PBXBuildFile; fileRef = 3A1DF7BC221CE0AB008176EE /* LaunchScreen.storyboard */; };
		3A231A41221F04AA005ADEA9 /* MovieCell.swift in Sources */ = {isa = PBXBuildFile; fileRef = 3A231A40221F04AA005ADEA9 /* MovieCell.swift */; };
		650D8E64489DDA8BC18F99BA /* Pods_flixster.framework in Frameworks */ = {isa = PBXBuildFile; fileRef = 4C768538D4D982FF531E24CA /* Pods_flixster.framework */; };
		AE08456822247F1B007AC15C /* MovieGridCell.swift in Sources */ = {isa = PBXBuildFile; fileRef = AE08456722247F1B007AC15C /* MovieGridCell.swift */; };
		AE38D14E22236EBB00E4FD0C /* MovieDetailsViewController.swift in Sources */ = {isa = PBXBuildFile; fileRef = AE38D14D22236EBB00E4FD0C /* MovieDetailsViewController.swift */; };
		AE38D150222395C700E4FD0C /* MovieGridViewController.swift in Sources */ = {isa = PBXBuildFile; fileRef = AE38D14F222395C700E4FD0C /* MovieGridViewController.swift */; };
/* End PBXBuildFile section */

/* Begin PBXFileReference section */
		3A1DF7B0221CE0AA008176EE /* flixster.app */ = {isa = PBXFileReference; explicitFileType = wrapper.application; includeInIndex = 0; path = flixster.app; sourceTree = BUILT_PRODUCTS_DIR; };
		3A1DF7B3221CE0AA008176EE /* AppDelegate.swift */ = {isa = PBXFileReference; lastKnownFileType = sourcecode.swift; path = AppDelegate.swift; sourceTree = "<group>"; };
		3A1DF7B5221CE0AA008176EE /* MoviesViewController.swift */ = {isa = PBXFileReference; lastKnownFileType = sourcecode.swift; path = MoviesViewController.swift; sourceTree = "<group>"; };
		3A1DF7B8221CE0AA008176EE /* Base */ = {isa = PBXFileReference; lastKnownFileType = file.storyboard; name = Base; path = Base.lproj/Main.storyboard; sourceTree = "<group>"; };
		3A1DF7BA221CE0AB008176EE /* Assets.xcassets */ = {isa = PBXFileReference; lastKnownFileType = folder.assetcatalog; path = Assets.xcassets; sourceTree = "<group>"; };
		3A1DF7BD221CE0AB008176EE /* Base */ = {isa = PBXFileReference; lastKnownFileType = file.storyboard; name = Base; path = Base.lproj/LaunchScreen.storyboard; sourceTree = "<group>"; };
		3A1DF7BF221CE0AB008176EE /* Info.plist */ = {isa = PBXFileReference; lastKnownFileType = text.plist.xml; path = Info.plist; sourceTree = "<group>"; };
		3A231A40221F04AA005ADEA9 /* MovieCell.swift */ = {isa = PBXFileReference; lastKnownFileType = sourcecode.swift; path = MovieCell.swift; sourceTree = "<group>"; };
		4C768538D4D982FF531E24CA /* Pods_flixster.framework */ = {isa = PBXFileReference; explicitFileType = wrapper.framework; includeInIndex = 0; path = Pods_flixster.framework; sourceTree = BUILT_PRODUCTS_DIR; };
		AE08456722247F1B007AC15C /* MovieGridCell.swift */ = {isa = PBXFileReference; lastKnownFileType = sourcecode.swift; path = MovieGridCell.swift; sourceTree = "<group>"; };
		AE38D14D22236EBB00E4FD0C /* MovieDetailsViewController.swift */ = {isa = PBXFileReference; lastKnownFileType = sourcecode.swift; path = MovieDetailsViewController.swift; sourceTree = "<group>"; };
		AE38D14F222395C700E4FD0C /* MovieGridViewController.swift */ = {isa = PBXFileReference; lastKnownFileType = sourcecode.swift; path = MovieGridViewController.swift; sourceTree = "<group>"; };
		B59A2FF5DFCCFF9B13291C3D /* Pods-flixster.debug.xcconfig */ = {isa = PBXFileReference; includeInIndex = 1; lastKnownFileType = text.xcconfig; name = "Pods-flixster.debug.xcconfig"; path = "Pods/Target Support Files/Pods-flixster/Pods-flixster.debug.xcconfig"; sourceTree = "<group>"; };
		D60D44970B7DA5E75D08B90B /* Pods-flixster.release.xcconfig */ = {isa = PBXFileReference; includeInIndex = 1; lastKnownFileType = text.xcconfig; name = "Pods-flixster.release.xcconfig"; path = "Pods/Target Support Files/Pods-flixster/Pods-flixster.release.xcconfig"; sourceTree = "<group>"; };
/* End PBXFileReference section */

/* Begin PBXFrameworksBuildPhase section */
		3A1DF7AD221CE0AA008176EE /* Frameworks */ = {
			isa = PBXFrameworksBuildPhase;
			buildActionMask = 2147483647;
			files = (
				650D8E64489DDA8BC18F99BA /* Pods_flixster.framework in Frameworks */,
			);
			runOnlyForDeploymentPostprocessing = 0;
		};
/* End PBXFrameworksBuildPhase section */

/* Begin PBXGroup section */
		162339F0167FFC09DB79A2FD /* Pods */ = {
			isa = PBXGroup;
			children = (
				B59A2FF5DFCCFF9B13291C3D /* Pods-flixster.debug.xcconfig */,
				D60D44970B7DA5E75D08B90B /* Pods-flixster.release.xcconfig */,
			);
			name = Pods;
			sourceTree = "<group>";
		};
		3A1DF7A7221CE0AA008176EE = {
			isa = PBXGroup;
			children = (
				3A1DF7B2221CE0AA008176EE /* flixster */,
				3A1DF7B1221CE0AA008176EE /* Products */,
				162339F0167FFC09DB79A2FD /* Pods */,
				A720B9697204F501B5589118 /* Frameworks */,
			);
			sourceTree = "<group>";
		};
		3A1DF7B1221CE0AA008176EE /* Products */ = {
			isa = PBXGroup;
			children = (
				3A1DF7B0221CE0AA008176EE /* flixster.app */,
			);
			name = Products;
			sourceTree = "<group>";
		};
		3A1DF7B2221CE0AA008176EE /* flixster */ = {
			isa = PBXGroup;
			children = (
				3A1DF7B3221CE0AA008176EE /* AppDelegate.swift */,
				3A1DF7B7221CE0AA008176EE /* Main.storyboard */,
				AE08456722247F1B007AC15C /* MovieGridCell.swift */,
				3A231A40221F04AA005ADEA9 /* MovieCell.swift */,
				3A1DF7BA221CE0AB008176EE /* Assets.xcassets */,
				3A1DF7BC221CE0AB008176EE /* LaunchScreen.storyboard */,
				3A1DF7BF221CE0AB008176EE /* Info.plist */,
				3A1DF7B5221CE0AA008176EE /* MoviesViewController.swift */,
				AE38D14D22236EBB00E4FD0C /* MovieDetailsViewController.swift */,
				AE38D14F222395C700E4FD0C /* MovieGridViewController.swift */,
			);
			path = flixster;
			sourceTree = "<group>";
		};
		A720B9697204F501B5589118 /* Frameworks */ = {
			isa = PBXGroup;
			children = (
				4C768538D4D982FF531E24CA /* Pods_flixster.framework */,
			);
			name = Frameworks;
			sourceTree = "<group>";
		};
/* End PBXGroup section */

/* Begin PBXNativeTarget section */
		3A1DF7AF221CE0AA008176EE /* flixster */ = {
			isa = PBXNativeTarget;
			buildConfigurationList = 3A1DF7C2221CE0AB008176EE /* Build configuration list for PBXNativeTarget "flixster" */;
			buildPhases = (
				9DA74280459EB2E51D43A2E0 /* [CP] Check Pods Manifest.lock */,
				3A1DF7AC221CE0AA008176EE /* Sources */,
				3A1DF7AD221CE0AA008176EE /* Frameworks */,
				3A1DF7AE221CE0AA008176EE /* Resources */,
				2444172EB9F2C01682CC539C /* [CP] Embed Pods Frameworks */,
			);
			buildRules = (
			);
			dependencies = (
			);
			name = flixster;
			productName = flixster;
			productReference = 3A1DF7B0221CE0AA008176EE /* flixster.app */;
			productType = "com.apple.product-type.application";
		};
/* End PBXNativeTarget section */

/* Begin PBXProject section */
		3A1DF7A8221CE0AA008176EE /* Project object */ = {
			isa = PBXProject;
			attributes = {
				LastSwiftUpdateCheck = 1010;
				LastUpgradeCheck = 1010;
				ORGANIZATIONNAME = "Lanka V";
				TargetAttributes = {
					3A1DF7AF221CE0AA008176EE = {
						CreatedOnToolsVersion = 10.1;
					};
				};
			};
			buildConfigurationList = 3A1DF7AB221CE0AA008176EE /* Build configuration list for PBXProject "flixster" */;
			compatibilityVersion = "Xcode 9.3";
			developmentRegion = en;
			hasScannedForEncodings = 0;
			knownRegions = (
				en,
				Base,
			);
			mainGroup = 3A1DF7A7221CE0AA008176EE;
			productRefGroup = 3A1DF7B1221CE0AA008176EE /* Products */;
			projectDirPath = "";
			projectRoot = "";
			targets = (
				3A1DF7AF221CE0AA008176EE /* flixster */,
			);
		};
/* End PBXProject section */

/* Begin PBXResourcesBuildPhase section */
		3A1DF7AE221CE0AA008176EE /* Resources */ = {
			isa = PBXResourcesBuildPhase;
			buildActionMask = 2147483647;
			files = (
				3A1DF7BE221CE0AB008176EE /* LaunchScreen.storyboard in Resources */,
				3A1DF7BB221CE0AB008176EE /* Assets.xcassets in Resources */,
				3A1DF7B9221CE0AA008176EE /* Main.storyboard in Resources */,
			);
			runOnlyForDeploymentPostprocessing = 0;
		};
/* End PBXResourcesBuildPhase section */

/* Begin PBXShellScriptBuildPhase section */
		2444172EB9F2C01682CC539C /* [CP] Embed Pods Frameworks */ = {
			isa = PBXShellScriptBuildPhase;
			buildActionMask = 2147483647;
			files = (
			);
			inputPaths = (
				"${SRCROOT}/Pods/Target Support Files/Pods-flixster/Pods-flixster-frameworks.sh",
				"${BUILT_PRODUCTS_DIR}/Alamofire/Alamofire.framework",
				"${BUILT_PRODUCTS_DIR}/AlamofireImage/AlamofireImage.framework",
			);
			name = "[CP] Embed Pods Frameworks";
			outputPaths = (
				"${TARGET_BUILD_DIR}/${FRAMEWORKS_FOLDER_PATH}/Alamofire.framework",
				"${TARGET_BUILD_DIR}/${FRAMEWORKS_FOLDER_PATH}/AlamofireImage.framework",
			);
			runOnlyForDeploymentPostprocessing = 0;
			shellPath = /bin/sh;
			shellScript = "\"${SRCROOT}/Pods/Target Support Files/Pods-flixster/Pods-flixster-frameworks.sh\"\n";
			showEnvVarsInLog = 0;
		};
		9DA74280459EB2E51D43A2E0 /* [CP] Check Pods Manifest.lock */ = {
			isa = PBXShellScriptBuildPhase;
			buildActionMask = 2147483647;
			files = (
			);
			inputPaths = (
				"${PODS_PODFILE_DIR_PATH}/Podfile.lock",
				"${PODS_ROOT}/Manifest.lock",
			);
			name = "[CP] Check Pods Manifest.lock";
			outputPaths = (
				"$(DERIVED_FILE_DIR)/Pods-flixster-checkManifestLockResult.txt",
			);
			runOnlyForDeploymentPostprocessing = 0;
			shellPath = /bin/sh;
			shellScript = "diff \"${PODS_PODFILE_DIR_PATH}/Podfile.lock\" \"${PODS_ROOT}/Manifest.lock\" > /dev/null\nif [ $? != 0 ] ; then\n    # print error to STDERR\n    echo \"error: The sandbox is not in sync with the Podfile.lock. Run 'pod install' or update your CocoaPods installation.\" >&2\n    exit 1\nfi\n# This output is used by Xcode 'outputs' to avoid re-running this script phase.\necho \"SUCCESS\" > \"${SCRIPT_OUTPUT_FILE_0}\"\n";
			showEnvVarsInLog = 0;
		};
/* End PBXShellScriptBuildPhase section */

/* Begin PBXSourcesBuildPhase section */
		3A1DF7AC221CE0AA008176EE /* Sources */ = {
			isa = PBXSourcesBuildPhase;
			buildActionMask = 2147483647;
			files = (
				AE38D150222395C700E4FD0C /* MovieGridViewController.swift in Sources */,
				AE38D14E22236EBB00E4FD0C /* MovieDetailsViewController.swift in Sources */,
				3A1DF7B6221CE0AA008176EE /* MoviesViewController.swift in Sources */,
				3A1DF7B4221CE0AA008176EE /* AppDelegate.swift in Sources */,
				AE08456822247F1B007AC15C /* MovieGridCell.swift in Sources */,
				3A231A41221F04AA005ADEA9 /* MovieCell.swift in Sources */,
			);
			runOnlyForDeploymentPostprocessing = 0;
		};
/* End PBXSourcesBuildPhase section */

/* Begin PBXVariantGroup section */
		3A1DF7B7221CE0AA008176EE /* Main.storyboard */ = {
			isa = PBXVariantGroup;
			children = (
				3A1DF7B8221CE0AA008176EE /* Base */,
			);
			name = Main.storyboard;
			sourceTree = "<group>";
		};
		3A1DF7BC221CE0AB008176EE /* LaunchScreen.storyboard */ = {
			isa = PBXVariantGroup;
			children = (
				3A1DF7BD221CE0AB008176EE /* Base */,
			);
			name = LaunchScreen.storyboard;
			sourceTree = "<group>";
		};
/* End PBXVariantGroup section */

/* Begin XCBuildConfiguration section */
		3A1DF7C0221CE0AB008176EE /* Debug */ = {
			isa = XCBuildConfiguration;
			buildSettings = {
				ALWAYS_SEARCH_USER_PATHS = NO;
				CLANG_ANALYZER_NONNULL = YES;
				CLANG_ANALYZER_NUMBER_OBJECT_CONVERSION = YES_AGGRESSIVE;
				CLANG_CXX_LANGUAGE_STANDARD = "gnu++14";
				CLANG_CXX_LIBRARY = "libc++";
				CLANG_ENABLE_MODULES = YES;
				CLANG_ENABLE_OBJC_ARC = YES;
				CLANG_ENABLE_OBJC_WEAK = YES;
				CLANG_WARN_BLOCK_CAPTURE_AUTORELEASING = YES;
				CLANG_WARN_BOOL_CONVERSION = YES;
				CLANG_WARN_COMMA = YES;
				CLANG_WARN_CONSTANT_CONVERSION = YES;
				CLANG_WARN_DEPRECATED_OBJC_IMPLEMENTATIONS = YES;
				CLANG_WARN_DIRECT_OBJC_ISA_USAGE = YES_ERROR;
				CLANG_WARN_DOCUMENTATION_COMMENTS = YES;
				CLANG_WARN_EMPTY_BODY = YES;
				CLANG_WARN_ENUM_CONVERSION = YES;
				CLANG_WARN_INFINITE_RECURSION = YES;
				CLANG_WARN_INT_CONVERSION = YES;
				CLANG_WARN_NON_LITERAL_NULL_CONVERSION = YES;
				CLANG_WARN_OBJC_IMPLICIT_RETAIN_SELF = YES;
				CLANG_WARN_OBJC_LITERAL_CONVERSION = YES;
				CLANG_WARN_OBJC_ROOT_CLASS = YES_ERROR;
				CLANG_WARN_RANGE_LOOP_ANALYSIS = YES;
				CLANG_WARN_STRICT_PROTOTYPES = YES;
				CLANG_WARN_SUSPICIOUS_MOVE = YES;
				CLANG_WARN_UNGUARDED_AVAILABILITY = YES_AGGRESSIVE;
				CLANG_WARN_UNREACHABLE_CODE = YES;
				CLANG_WARN__DUPLICATE_METHOD_MATCH = YES;
				CODE_SIGN_IDENTITY = "iPhone Developer";
				COPY_PHASE_STRIP = NO;
				DEBUG_INFORMATION_FORMAT = dwarf;
				ENABLE_STRICT_OBJC_MSGSEND = YES;
				ENABLE_TESTABILITY = YES;
				GCC_C_LANGUAGE_STANDARD = gnu11;
				GCC_DYNAMIC_NO_PIC = NO;
				GCC_NO_COMMON_BLOCKS = YES;
				GCC_OPTIMIZATION_LEVEL = 0;
				GCC_PREPROCESSOR_DEFINITIONS = (
					"DEBUG=1",
					"$(inherited)",
				);
				GCC_WARN_64_TO_32_BIT_CONVERSION = YES;
				GCC_WARN_ABOUT_RETURN_TYPE = YES_ERROR;
				GCC_WARN_UNDECLARED_SELECTOR = YES;
				GCC_WARN_UNINITIALIZED_AUTOS = YES_AGGRESSIVE;
				GCC_WARN_UNUSED_FUNCTION = YES;
				GCC_WARN_UNUSED_VARIABLE = YES;
				IPHONEOS_DEPLOYMENT_TARGET = 12.1;
				MTL_ENABLE_DEBUG_INFO = INCLUDE_SOURCE;
				MTL_FAST_MATH = YES;
				ONLY_ACTIVE_ARCH = YES;
				SDKROOT = iphoneos;
				SWIFT_ACTIVE_COMPILATION_CONDITIONS = DEBUG;
				SWIFT_OPTIMIZATION_LEVEL = "-Onone";
			};
			name = Debug;
		};
		3A1DF7C1221CE0AB008176EE /* Release */ = {
			isa = XCBuildConfiguration;
			buildSettings = {
				ALWAYS_SEARCH_USER_PATHS = NO;
				CLANG_ANALYZER_NONNULL = YES;
				CLANG_ANALYZER_NUMBER_OBJECT_CONVERSION = YES_AGGRESSIVE;
				CLANG_CXX_LANGUAGE_STANDARD = "gnu++14";
				CLANG_CXX_LIBRARY = "libc++";
				CLANG_ENABLE_MODULES = YES;
				CLANG_ENABLE_OBJC_ARC = YES;
				CLANG_ENABLE_OBJC_WEAK = YES;
				CLANG_WARN_BLOCK_CAPTURE_AUTORELEASING = YES;
				CLANG_WARN_BOOL_CONVERSION = YES;
				CLANG_WARN_COMMA = YES;
				CLANG_WARN_CONSTANT_CONVERSION = YES;
				CLANG_WARN_DEPRECATED_OBJC_IMPLEMENTATIONS = YES;
				CLANG_WARN_DIRECT_OBJC_ISA_USAGE = YES_ERROR;
				CLANG_WARN_DOCUMENTATION_COMMENTS = YES;
				CLANG_WARN_EMPTY_BODY = YES;
				CLANG_WARN_ENUM_CONVERSION = YES;
				CLANG_WARN_INFINITE_RECURSION = YES;
				CLANG_WARN_INT_CONVERSION = YES;
				CLANG_WARN_NON_LITERAL_NULL_CONVERSION = YES;
				CLANG_WARN_OBJC_IMPLICIT_RETAIN_SELF = YES;
				CLANG_WARN_OBJC_LITERAL_CONVERSION = YES;
				CLANG_WARN_OBJC_ROOT_CLASS = YES_ERROR;
				CLANG_WARN_RANGE_LOOP_ANALYSIS = YES;
				CLANG_WARN_STRICT_PROTOTYPES = YES;
				CLANG_WARN_SUSPICIOUS_MOVE = YES;
				CLANG_WARN_UNGUARDED_AVAILABILITY = YES_AGGRESSIVE;
				CLANG_WARN_UNREACHABLE_CODE = YES;
				CLANG_WARN__DUPLICATE_METHOD_MATCH = YES;
				CODE_SIGN_IDENTITY = "iPhone Developer";
				COPY_PHASE_STRIP = NO;
				DEBUG_INFORMATION_FORMAT = "dwarf-with-dsym";
				ENABLE_NS_ASSERTIONS = NO;
				ENABLE_STRICT_OBJC_MSGSEND = YES;
				GCC_C_LANGUAGE_STANDARD = gnu11;
				GCC_NO_COMMON_BLOCKS = YES;
				GCC_WARN_64_TO_32_BIT_CONVERSION = YES;
				GCC_WARN_ABOUT_RETURN_TYPE = YES_ERROR;
				GCC_WARN_UNDECLARED_SELECTOR = YES;
				GCC_WARN_UNINITIALIZED_AUTOS = YES_AGGRESSIVE;
				GCC_WARN_UNUSED_FUNCTION = YES;
				GCC_WARN_UNUSED_VARIABLE = YES;
				IPHONEOS_DEPLOYMENT_TARGET = 12.1;
				MTL_ENABLE_DEBUG_INFO = NO;
				MTL_FAST_MATH = YES;
				SDKROOT = iphoneos;
				SWIFT_COMPILATION_MODE = wholemodule;
				SWIFT_OPTIMIZATION_LEVEL = "-O";
				VALIDATE_PRODUCT = YES;
			};
			name = Release;
		};
		3A1DF7C3221CE0AB008176EE /* Debug */ = {
			isa = XCBuildConfiguration;
			baseConfigurationReference = B59A2FF5DFCCFF9B13291C3D /* Pods-flixster.debug.xcconfig */;
			buildSettings = {
				ASSETCATALOG_COMPILER_APPICON_NAME = AppIcon;
				CODE_SIGN_STYLE = Automatic;
				DEVELOPMENT_TEAM = "";
				INFOPLIST_FILE = flixster/Info.plist;
				LD_RUNPATH_SEARCH_PATHS = (
					"$(inherited)",
					"@executable_path/Frameworks",
				);
				PRODUCT_BUNDLE_IDENTIFIER = first.flixster;
				PRODUCT_NAME = "$(TARGET_NAME)";
				SWIFT_VERSION = 4.2;
				TARGETED_DEVICE_FAMILY = "1,2";
			};
			name = Debug;
		};
		3A1DF7C4221CE0AB008176EE /* Release */ = {
			isa = XCBuildConfiguration;
			baseConfigurationReference = D60D44970B7DA5E75D08B90B /* Pods-flixster.release.xcconfig */;
			buildSettings = {
				ASSETCATALOG_COMPILER_APPICON_NAME = AppIcon;
				CODE_SIGN_STYLE = Automatic;
				DEVELOPMENT_TEAM = "";
				INFOPLIST_FILE = flixster/Info.plist;
				LD_RUNPATH_SEARCH_PATHS = (
					"$(inherited)",
					"@executable_path/Frameworks",
				);
				PRODUCT_BUNDLE_IDENTIFIER = first.flixster;
				PRODUCT_NAME = "$(TARGET_NAME)";
				SWIFT_VERSION = 4.2;
				TARGETED_DEVICE_FAMILY = "1,2";
			};
			name = Release;
		};
/* End XCBuildConfiguration section */

/* Begin XCConfigurationList section */
		3A1DF7AB221CE0AA008176EE /* Build configuration list for PBXProject "flixster" */ = {
			isa = XCConfigurationList;
			buildConfigurations = (
				3A1DF7C0221CE0AB008176EE /* Debug */,
				3A1DF7C1221CE0AB008176EE /* Release */,
			);
			defaultConfigurationIsVisible = 0;
			defaultConfigurationName = Release;
		};
		3A1DF7C2221CE0AB008176EE /* Build configuration list for PBXNativeTarget "flixster" */ = {
			isa = XCConfigurationList;
			buildConfigurations = (
				3A1DF7C3221CE0AB008176EE /* Debug */,
				3A1DF7C4221CE0AB008176EE /* Release */,
			);
			defaultConfigurationIsVisible = 0;
			defaultConfigurationName = Release;
		};
/* End XCConfigurationList section */
	};
	rootObject = 3A1DF7A8221CE0AA008176EE /* Project object */;
}
